
Microsoft Visual Studio Solution File, Format Version 12.00
# Visual Studio Version 16
VisualStudioVersion = 16.0.28803.452
MinimumVisualStudioVersion = 10.0.40219.1
Project("{9A19103F-16F7-4668-BE54-9A1E7A4F7556}") = "PROStats2019", "PROStats2019\PROStats2019.csproj", "{7A7C2C0B-AA5C-48E6-BA80-C845A7C12570}"
EndProject
Project("{FAE04EC0-301F-11D3-BF4B-00C04F79EFBC}") = "PROStats2019.Data", "PROStats2019.Data\PROStats2019.Data.csproj", "{BEEB830F-C850-44BE-9A33-44CCEE663C7A}"
EndProject
Project("{FAE04EC0-301F-11D3-BF4B-00C04F79EFBC}") = "PROStats2019.Identity", "PROStats2019.Identity\PROStats2019.Identity.csproj", "{53A7BDB6-BC5B-4A8A-93BD-E214B2B9C0B1}"
EndProject
Project("{FAE04EC0-301F-11D3-BF4B-00C04F79EFBC}") = "PROStats2019.Payments", "PROStats2019.Payments\PROStats2019.Payments.csproj", "{48C4DF87-F7FC-43B2-855B-BB5D0B464E78}"
EndProject
Project("{FAE04EC0-301F-11D3-BF4B-00C04F79EFBC}") = "PROStats2019.Stats", "PROStats2019.Stats\PROStats2019.Stats.csproj", "{E22EA0E9-A925-41AC-9923-55E055FA6FFB}"
EndProject
Project("{FAE04EC0-301F-11D3-BF4B-00C04F79EFBC}") = "PROStats2019.UI", "PROStats2019.UI\PROStats2019.UI.csproj", "{73660D4B-4D86-4372-835C-95DBBABADC04}"
EndProject
Global
	GlobalSection(SolutionConfigurationPlatforms) = preSolution
		Debug|Any CPU = Debug|Any CPU
		Release|Any CPU = Release|Any CPU
	EndGlobalSection
	GlobalSection(ProjectConfigurationPlatforms) = postSolution
		{7A7C2C0B-AA5C-48E6-BA80-C845A7C12570}.Debug|Any CPU.ActiveCfg = Debug|Any CPU
		{7A7C2C0B-AA5C-48E6-BA80-C845A7C12570}.Debug|Any CPU.Build.0 = Debug|Any CPU
		{7A7C2C0B-AA5C-48E6-BA80-C845A7C12570}.Release|Any CPU.ActiveCfg = Release|Any CPU
		{7A7C2C0B-AA5C-48E6-BA80-C845A7C12570}.Release|Any CPU.Build.0 = Release|Any CPU
		{BEEB830F-C850-44BE-9A33-44CCEE663C7A}.Debug|Any CPU.ActiveCfg = Debug|Any CPU
		{BEEB830F-C850-44BE-9A33-44CCEE663C7A}.Debug|Any CPU.Build.0 = Debug|Any CPU
		{BEEB830F-C850-44BE-9A33-44CCEE663C7A}.Release|Any CPU.ActiveCfg = Release|Any CPU
		{BEEB830F-C850-44BE-9A33-44CCEE663C7A}.Release|Any CPU.Build.0 = Release|Any CPU
		{53A7BDB6-BC5B-4A8A-93BD-E214B2B9C0B1}.Debug|Any CPU.ActiveCfg = Debug|Any CPU
		{53A7BDB6-BC5B-4A8A-93BD-E214B2B9C0B1}.Debug|Any CPU.Build.0 = Debug|Any CPU
		{53A7BDB6-BC5B-4A8A-93BD-E214B2B9C0B1}.Release|Any CPU.ActiveCfg = Release|Any CPU
		{53A7BDB6-BC5B-4A8A-93BD-E214B2B9C0B1}.Release|Any CPU.Build.0 = Release|Any CPU
		{48C4DF87-F7FC-43B2-855B-BB5D0B464E78}.Debug|Any CPU.ActiveCfg = Debug|Any CPU
		{48C4DF87-F7FC-43B2-855B-BB5D0B464E78}.Debug|Any CPU.Build.0 = Debug|Any CPU
		{48C4DF87-F7FC-43B2-855B-BB5D0B464E78}.Release|Any CPU.ActiveCfg = Release|Any CPU
		{48C4DF87-F7FC-43B2-855B-BB5D0B464E78}.Release|Any CPU.Build.0 = Release|Any CPU
		{E22EA0E9-A925-41AC-9923-55E055FA6FFB}.Debug|Any CPU.ActiveCfg = Debug|Any CPU
		{E22EA0E9-A925-41AC-9923-55E055FA6FFB}.Debug|Any CPU.Build.0 = Debug|Any CPU
		{E22EA0E9-A925-41AC-9923-55E055FA6FFB}.Release|Any CPU.ActiveCfg = Release|Any CPU
		{E22EA0E9-A925-41AC-9923-55E055FA6FFB}.Release|Any CPU.Build.0 = Release|Any CPU
		{73660D4B-4D86-4372-835C-95DBBABADC04}.Debug|Any CPU.ActiveCfg = Debug|Any CPU
		{73660D4B-4D86-4372-835C-95DBBABADC04}.Debug|Any CPU.Build.0 = Debug|Any CPU
		{73660D4B-4D86-4372-835C-95DBBABADC04}.Release|Any CPU.ActiveCfg = Release|Any CPU
		{73660D4B-4D86-4372-835C-95DBBABADC04}.Release|Any CPU.Build.0 = Release|Any CPU
	EndGlobalSection
	GlobalSection(SolutionProperties) = preSolution
		HideSolutionNode = FALSE
	EndGlobalSection
	GlobalSection(ExtensibilityGlobals) = postSolution
		SolutionGuid = {8CD8E465-AF28-44D5-B433-18C7C15BCC7F}
	EndGlobalSection
EndGlobal
